<?xml version="1.0" encoding="utf-8"?>
<Project ToolsVersion="4.0" xmlns="http://schemas.microsoft.com/developer/msbuild/2003">
  <ItemGroup>
    <Filter Include="Source Files">
      <UniqueIdentifier>{4FC737F1-C7A5-4376-A066-2A32D752A2FF}</UniqueIdentifier>
      <Extensions>cpp;c;cc;cxx;c++;cppm;ixx;def;odl;idl;hpj;bat;asm;asmx</Extensions>
    </Filter>
    <Filter Include="Header Files">
      <UniqueIdentifier>{93995380-89BD-4b04-88EB-625FBE52EBFB}</UniqueIdentifier>
      <Extensions>h;hh;hpp;hxx;h++;hm;inl;inc;ipp;xsd</Extensions>
    </Filter>
    <Filter Include="Resource Files">
      <UniqueIdentifier>{67DA6AB6-F800-4c08-8B7A-83BB121AAD01}</UniqueIdentifier>
      <Extensions>rc;ico;cur;bmp;dlg;rc2;rct;bin;rgs;gif;jpg;jpeg;jpe;resx;tiff;tif;png;wav;mfcribbon-ms</Extensions>
    </Filter>
    <Filter Include="Exceptions">
      <UniqueIdentifier>{ee74e9e9-4f8c-4839-ac2e-b6237b251e5b}</UniqueIdentifier>
    </Filter>
    <Filter Include="Exceptions\Header Files">
      <UniqueIdentifier>{888309ee-b357-4d28-909b-3f2a32028fde}</UniqueIdentifier>
    </Filter>
    <Filter Include="Exceptions\Source Files">
      <UniqueIdentifier>{191f39a7-5869-4a0e-940c-7ae2dde15ea9}</UniqueIdentifier>
    </Filter>
    <Filter Include="Managed Files">
      <UniqueIdentifier>{7e5c3d27-9f32-4b7c-981b-abcf857a7b8a}</UniqueIdentifier>
    </Filter>
    <Filter Include="Managed Files\Source Files">
      <UniqueIdentifier>{c2b8ca41-fa15-428b-8687-c74e46fc5c0c}</UniqueIdentifier>
    </Filter>
    <Filter Include="Managed Files\Header Files">
      <UniqueIdentifier>{4f1a6d61-2a53-4b4b-9ab6-535731c802c4}</UniqueIdentifier>
    </Filter>
    <Filter Include="Managed Files\Resource Files">
      <UniqueIdentifier>{14779b2e-63d0-4da4-ad4f-fcd681f88ca8}</UniqueIdentifier>
    </Filter>
    <Filter Include="Header Files\Enums">
      <UniqueIdentifier>{0eeb22ed-4973-4072-8448-bc147c5f082b}</UniqueIdentifier>
    </Filter>
    <Filter Include="Header Files\Helpers">
      <UniqueIdentifier>{36d6f42b-32ec-4a8a-a90a-d920850fb7e3}</UniqueIdentifier>
    </Filter>
    <Filter Include="Source Files\Helpers">
      <UniqueIdentifier>{c7ef0412-28c4-4a3b-8a8c-953c5c410c31}</UniqueIdentifier>
    </Filter>
  </ItemGroup>
  <ItemGroup>
    <ClInclude Include="USBDriver.h">
      <Filter>Header Files</Filter>
    </ClInclude>
    <ClInclude Include="Resource.h">
      <Filter>Header Files</Filter>
    </ClInclude>
    <ClInclude Include="pch.h">
      <Filter>Header Files</Filter>
    </ClInclude>
    <ClInclude Include="InteropTools.h">
      <Filter>Header Files</Filter>
    </ClInclude>
    <ClInclude Include="USBDeviceException.h">
      <Filter>Header Files</Filter>
    </ClInclude>
    <ClInclude Include="USBSerialDataController.h">
      <Filter>Managed Files\Header Files</Filter>
    </ClInclude>
    <ClInclude Include="USBDeviceErrorCodes.h">
      <Filter>Header Files\Enums</Filter>
    </ClInclude>
    <ClInclude Include="WindowsDeviceHelper.h">
      <Filter>Header Files\Helpers</Filter>
    </ClInclude>
    <ClInclude Include="PortSettings.h">
      <Filter>Header Files\Helpers</Filter>
    </ClInclude>
    <ClInclude Include="PortParityCodes.h">
      <Filter>Header Files\Enums</Filter>
    </ClInclude>
  </ItemGroup>
  <ItemGroup>
    <ClCompile Include="USBDriver.cpp">
      <Filter>Source Files</Filter>
    </ClCompile>
    <ClCompile Include="AssemblyInfo.cpp">
      <Filter>Source Files</Filter>
    </ClCompile>
    <ClCompile Include="pch.cpp">
      <Filter>Source Files</Filter>
    </ClCompile>
    <ClCompile Include="USBDeviceException.cpp">
      <Filter>Source Files</Filter>
    </ClCompile>
    <ClCompile Include="dllmain.cpp">
      <Filter>Source Files</Filter>
    </ClCompile>
    <ClCompile Include="USBSerialDataController.cpp">
      <Filter>Managed Files\Source Files</Filter>
    </ClCompile>
    <ClCompile Include="WindowsDeviceHelper.cpp">
      <Filter>Source Files\Helpers</Filter>
    </ClCompile>
  </ItemGroup>
  <ItemGroup>
    <ResourceCompile Include="app.rc">
      <Filter>Resource Files</Filter>
    </ResourceCompile>
  </ItemGroup>
  <ItemGroup>
    <Image Include="app.ico">
      <Filter>Resource Files</Filter>
    </Image>
  </ItemGroup>
</Project>